// !$*UTF8*$!
{
	archiveVersion = 1;
	classes = {
	};
	objectVersion = 77;
	objects = {

/* Begin PBXContainerItemProxy section */
		C4320EA62CFF7A540053772D /* PBXContainerItemProxy */ = {
			isa = PBXContainerItemProxy;
			containerPortal = C4320E872CFF7A510053772D /* Project object */;
			proxyType = 1;
			remoteGlobalIDString = C4320E8E2CFF7A510053772D;
			remoteInfo = "Weather-UI";
		};
		C4320EB02CFF7A540053772D /* PBXContainerItemProxy */ = {
			isa = PBXContainerItemProxy;
			containerPortal = C4320E872CFF7A510053772D /* Project object */;
			proxyType = 1;
			remoteGlobalIDString = C4320E8E2CFF7A510053772D;
			remoteInfo = "Weather-UI";
		};
/* End PBXContainerItemProxy section */

/* Begin PBXFileReference section */
		C4320E8F2CFF7A510053772D /* Weather-UI.app */ = {isa = PBXFileReference; explicitFileType = wrapper.application; includeInIndex = 0; path = "Weather-UI.app"; sourceTree = BUILT_PRODUCTS_DIR; };
		C4320EA52CFF7A540053772D /* Weather-UITests.xctest */ = {isa = PBXFileReference; explicitFileType = wrapper.cfbundle; includeInIndex = 0; path = "Weather-UITests.xctest"; sourceTree = BUILT_PRODUCTS_DIR; };
		C4320EAF2CFF7A540053772D /* Weather-UIUITests.xctest */ = {isa = PBXFileReference; explicitFileType = wrapper.cfbundle; includeInIndex = 0; path = "Weather-UIUITests.xctest"; sourceTree = BUILT_PRODUCTS_DIR; };
/* End PBXFileReference section */

/* Begin PBXFileSystemSynchronizedBuildFileExceptionSet section */
		C4320EB72CFF7A540053772D /* Exceptions for "Weather-UI" folder in "Weather-UI" target */ = {
			isa = PBXFileSystemSynchronizedBuildFileExceptionSet;
			membershipExceptions = (
				Info.plist,
			);
			target = C4320E8E2CFF7A510053772D /* Weather-UI */;
		};
/* End PBXFileSystemSynchronizedBuildFileExceptionSet section */

/* Begin PBXFileSystemSynchronizedRootGroup section */
		C4320E912CFF7A510053772D /* Weather-UI */ = {
			isa = PBXFileSystemSynchronizedRootGroup;
			exceptions = (
				C4320EB72CFF7A540053772D /* Exceptions for "Weather-UI" folder in "Weather-UI" target */,
			);
			path = "Weather-UI";
			sourceTree = "<group>";
		};
		C4320EA82CFF7A540053772D /* Weather-UITests */ = {
			isa = PBXFileSystemSynchronizedRootGroup;
			path = "Weather-UITests";
			sourceTree = "<group>";
		};
		C4320EB22CFF7A540053772D /* Weather-UIUITests */ = {
			isa = PBXFileSystemSynchronizedRootGroup;
			path = "Weather-UIUITests";
			sourceTree = "<group>";
		};
/* End PBXFileSystemSynchronizedRootGroup section */

/* Begin PBXFrameworksBuildPhase section */
		C4320E8C2CFF7A510053772D /* Frameworks */ = {
			isa = PBXFrameworksBuildPhase;
			buildActionMask = 2147483647;
			files = (
			);
			runOnlyForDeploymentPostprocessing = 0;
		};
		C4320EA22CFF7A540053772D /* Frameworks */ = {
			isa = PBXFrameworksBuildPhase;
			buildActionMask = 2147483647;
			files = (
			);
			runOnlyForDeploymentPostprocessing = 0;
		};
		C4320EAC2CFF7A540053772D /* Frameworks */ = {
			isa = PBXFrameworksBuildPhase;
			buildActionMask = 2147483647;
			files = (
			);
			runOnlyForDeploymentPostprocessing = 0;
		};
/* End PBXFrameworksBuildPhase section */

/* Begin PBXGroup section */
		C4320E862CFF7A510053772D = {
			isa = PBXGroup;
			children = (
				C4320E912CFF7A510053772D /* Weather-UI */,
				C4320EA82CFF7A540053772D /* Weather-UITests */,
				C4320EB22CFF7A540053772D /* Weather-UIUITests */,
				C4320E902CFF7A510053772D /* Products */,
			);
			sourceTree = "<group>";
		};
		C4320E902CFF7A510053772D /* Products */ = {
			isa = PBXGroup;
			children = (
				C4320E8F2CFF7A510053772D /* Weather-UI.app */,
				C4320EA52CFF7A540053772D /* Weather-UITests.xctest */,
				C4320EAF2CFF7A540053772D /* Weather-UIUITests.xctest */,
			);
			name = Products;
			sourceTree = "<group>";
		};
/* End PBXGroup section */

/* Begin PBXNativeTarget section */
		C4320E8E2CFF7A510053772D /* Weather-UI */ = {
			isa = PBXNativeTarget;
			buildConfigurationList = C4320EB82CFF7A540053772D /* Build configuration list for PBXNativeTarget "Weather-UI" */;
			buildPhases = (
				C4320E8B2CFF7A510053772D /* Sources */,
				C4320E8C2CFF7A510053772D /* Frameworks */,
				C4320E8D2CFF7A510053772D /* Resources */,
			);
			buildRules = (
			);
			dependencies = (
			);
			fileSystemSynchronizedGroups = (
				C4320E912CFF7A510053772D /* Weather-UI */,
			);
			name = "Weather-UI";
			packageProductDependencies = (
			);
			productName = "Weather-UI";
			productReference = C4320E8F2CFF7A510053772D /* Weather-UI.app */;
			productType = "com.apple.product-type.application";
		};
		C4320EA42CFF7A540053772D /* Weather-UITests */ = {
			isa = PBXNativeTarget;
			buildConfigurationList = C4320EBD2CFF7A540053772D /* Build configuration list for PBXNativeTarget "Weather-UITests" */;
			buildPhases = (
				C4320EA12CFF7A540053772D /* Sources */,
				C4320EA22CFF7A540053772D /* Frameworks */,
				C4320EA32CFF7A540053772D /* Resources */,
			);
			buildRules = (
			);
			dependencies = (
				C4320EA72CFF7A540053772D /* PBXTargetDependency */,
			);
			fileSystemSynchronizedGroups = (
				C4320EA82CFF7A540053772D /* Weather-UITests */,
			);
			name = "Weather-UITests";
			packageProductDependencies = (
			);
			productName = "Weather-UITests";
			productReference = C4320EA52CFF7A540053772D /* Weather-UITests.xctest */;
			productType = "com.apple.product-type.bundle.unit-test";
		};
		C4320EAE2CFF7A540053772D /* Weather-UIUITests */ = {
			isa = PBXNativeTarget;
			buildConfigurationList = C4320EC02CFF7A540053772D /* Build configuration list for PBXNativeTarget "Weather-UIUITests" */;
			buildPhases = (
				C4320EAB2CFF7A540053772D /* Sources */,
				C4320EAC2CFF7A540053772D /* Frameworks */,
				C4320EAD2CFF7A540053772D /* Resources */,
			);
			buildRules = (
			);
			dependencies = (
				C4320EB12CFF7A540053772D /* PBXTargetDependency */,
			);
			fileSystemSynchronizedGroups = (
				C4320EB22CFF7A540053772D /* Weather-UIUITests */,
			);
			name = "Weather-UIUITests";
			packageProductDependencies = (
			);
			productName = "Weather-UIUITests";
			productReference = C4320EAF2CFF7A540053772D /* Weather-UIUITests.xctest */;
			productType = "com.apple.product-type.bundle.ui-testing";
		};
/* End PBXNativeTarget section */

/* Begin PBXProject section */
		C4320E872CFF7A510053772D /* Project object */ = {
			isa = PBXProject;
			attributes = {
				BuildIndependentTargetsInParallel = 1;
				LastSwiftUpdateCheck = 1610;
				LastUpgradeCheck = 1610;
				TargetAttributes = {
					C4320E8E2CFF7A510053772D = {
						CreatedOnToolsVersion = 16.1;
					};
					C4320EA42CFF7A540053772D = {
						CreatedOnToolsVersion = 16.1;
						TestTargetID = C4320E8E2CFF7A510053772D;
					};
					C4320EAE2CFF7A540053772D = {
						CreatedOnToolsVersion = 16.1;
						TestTargetID = C4320E8E2CFF7A510053772D;
					};
				};
			};
			buildConfigurationList = C4320E8A2CFF7A510053772D /* Build configuration list for PBXProject "Weather-UI" */;
			developmentRegion = en;
			hasScannedForEncodings = 0;
			knownRegions = (
				en,
				Base,
			);
			mainGroup = C4320E862CFF7A510053772D;
			minimizedProjectReferenceProxies = 1;
			preferredProjectObjectVersion = 77;
			productRefGroup = C4320E902CFF7A510053772D /* Products */;
			projectDirPath = "";
			projectRoot = "";
			targets = (
				C4320E8E2CFF7A510053772D /* Weather-UI */,
				C4320EA42CFF7A540053772D /* Weather-UITests */,
				C4320EAE2CFF7A540053772D /* Weather-UIUITests */,
			);
		};
/* End PBXProject section */

/* Begin PBXResourcesBuildPhase section */
		C4320E8D2CFF7A510053772D /* Resources */ = {
			isa = PBXResourcesBuildPhase;
			buildActionMask = 2147483647;
			files = (
			);
			runOnlyForDeploymentPostprocessing = 0;
		};
		C4320EA32CFF7A540053772D /* Resources */ = {
			isa = PBXResourcesBuildPhase;
			buildActionMask = 2147483647;
			files = (
			);
			runOnlyForDeploymentPostprocessing = 0;
		};
		C4320EAD2CFF7A540053772D /* Resources */ = {
			isa = PBXResourcesBuildPhase;
			buildActionMask = 2147483647;
			files = (
			);
			runOnlyForDeploymentPostprocessing = 0;
		};
/* End PBXResourcesBuildPhase section */

/* Begin PBXSourcesBuildPhase section */
		C4320E8B2CFF7A510053772D /* Sources */ = {
			isa = PBXSourcesBuildPhase;
			buildActionMask = 2147483647;
			files = (
			);
			runOnlyForDeploymentPostprocessing = 0;
		};
		C4320EA12CFF7A540053772D /* Sources */ = {
			isa = PBXSourcesBuildPhase;
			buildActionMask = 2147483647;
			files = (
			);
			runOnlyForDeploymentPostprocessing = 0;
		};
		C4320EAB2CFF7A540053772D /* Sources */ = {
			isa = PBXSourcesBuildPhase;
			buildActionMask = 2147483647;
			files = (
			);
			runOnlyForDeploymentPostprocessing = 0;
		};
/* End PBXSourcesBuildPhase section */

/* Begin PBXTargetDependency section */
		C4320EA72CFF7A540053772D /* PBXTargetDependency */ = {
			isa = PBXTargetDependency;
			target = C4320E8E2CFF7A510053772D /* Weather-UI */;
			targetProxy = C4320EA62CFF7A540053772D /* PBXContainerItemProxy */;
		};
		C4320EB12CFF7A540053772D /* PBXTargetDependency */ = {
			isa = PBXTargetDependency;
			target = C4320E8E2CFF7A510053772D /* Weather-UI */;
			targetProxy = C4320EB02CFF7A540053772D /* PBXContainerItemProxy */;
		};
/* End PBXTargetDependency section */

/* Begin XCBuildConfiguration section */
		C4320EB92CFF7A540053772D /* Debug */ = {
			isa = XCBuildConfiguration;
			buildSettings = {
				ASSETCATALOG_COMPILER_APPICON_NAME = AppIcon;
				ASSETCATALOG_COMPILER_GLOBAL_ACCENT_COLOR_NAME = AccentColor;
				CODE_SIGN_STYLE = Automatic;
				CURRENT_PROJECT_VERSION = 1;
				DEVELOPMENT_TEAM = F6K949YPV6;
				GENERATE_INFOPLIST_FILE = YES;
				INFOPLIST_FILE = "Weather-UI/Info.plist";
				INFOPLIST_KEY_UIApplicationSupportsIndirectInputEvents = YES;
				INFOPLIST_KEY_UILaunchStoryboardName = LaunchScreen;
				INFOPLIST_KEY_UIMainStoryboardFile = Main;
				INFOPLIST_KEY_UISupportedInterfaceOrientations_iPad = "UIInterfaceOrientationPortrait UIInterfaceOrientationPortraitUpsideDown UIInterfaceOrientationLandscapeLeft UIInterfaceOrientationLandscapeRight";
				INFOPLIST_KEY_UISupportedInterfaceOrientations_iPhone = "UIInterfaceOrientationPortrait UIInterfaceOrientationLandscapeLeft UIInterfaceOrientationLandscapeRight";
				LD_RUNPATH_SEARCH_PATHS = (
					"$(inherited)",
					"@executable_path/Frameworks",
				);
				MARKETING_VERSION = 1.0;
				PRODUCT_BUNDLE_IDENTIFIER = "com.mertkavrayici.Weather-UI";
				PRODUCT_NAME = "$(TARGET_NAME)";
				SWIFT_EMIT_LOC_STRINGS = YES;
				SWIFT_VERSION = 5.0;
				TARGETED_DEVICE_FAMILY = "1,2";
			};
			name = Debug;
		};
		C4320EBA2CFF7A540053772D /* Release */ = {
			isa = XCBuildConfiguration;
			buildSettings = {
				ASSETCATALOG_COMPILER_APPICON_NAME = AppIcon;
				ASSETCATALOG_COMPILER_GLOBAL_ACCENT_COLOR_NAME = AccentColor;
				CODE_SIGN_STYLE = Automatic;
				CURRENT_PROJECT_VERSION = 1;
				DEVELOPMENT_TEAM = F6K949YPV6;
				GENERATE_INFOPLIST_FILE = YES;
				INFOPLIST_FILE = "Weather-UI/Info.plist";
				INFOPLIST_KEY_UIApplicationSupportsIndirectInputEvents = YES;
				INFOPLIST_KEY_UILaunchStoryboardName = LaunchScreen;
				INFOPLIST_KEY_UIMainStoryboardFile = Main;
				INFOPLIST_KEY_UISupportedInterfaceOrientations_iPad = "UIInterfaceOrientationPortrait UIInterfaceOrientationPortraitUpsideDown UIInterfaceOrientationLandscapeLeft UIInterfaceOrientationLandscapeRight";
				INFOPLIST_KEY_UISupportedInterfaceOrientations_iPhone = "UIInterfaceOrientationPortrait UIInterfaceOrientationLandscapeLeft UIInterfaceOrientationLandscapeRight";
				LD_RUNPATH_SEARCH_PATHS = (
					"$(inherited)",
					"@executable_path/Frameworks",
				);
				MARKETING_VERSION = 1.0;
				PRODUCT_BUNDLE_IDENTIFIER = "com.mertkavrayici.Weather-UI";
				PRODUCT_NAME = "$(TARGET_NAME)";
				SWIFT_EMIT_LOC_STRINGS = YES;
				SWIFT_VERSION = 5.0;
				TARGETED_DEVICE_FAMILY = "1,2";
			};
			name = Release;
		};
		C4320EBB2CFF7A540053772D /* Debug */ = {
			isa = XCBuildConfiguration;
			buildSettings = {
				ALWAYS_SEARCH_USER_PATHS = NO;
				ASSETCATALOG_COMPILER_GENERATE_SWIFT_ASSET_SYMBOL_EXTENSIONS = YES;
				CLANG_ANALYZER_NONNULL = YES;
				CLANG_ANALYZER_NUMBER_OBJECT_CONVERSION = YES_AGGRESSIVE;
				CLANG_CXX_LANGUAGE_STANDARD = "gnu++20";
				CLANG_ENABLE_MODULES = YES;
				CLANG_ENABLE_OBJC_ARC = YES;
				CLANG_ENABLE_OBJC_WEAK = YES;
				CLANG_WARN_BLOCK_CAPTURE_AUTORELEASING = YES;
				CLANG_WARN_BOOL_CONVERSION = YES;
				CLANG_WARN_COMMA = YES;
				CLANG_WARN_CONSTANT_CONVERSION = YES;
				CLANG_WARN_DEPRECATED_OBJC_IMPLEMENTATIONS = YES;
				CLANG_WARN_DIRECT_OBJC_ISA_USAGE = YES_ERROR;
				CLANG_WARN_DOCUMENTATION_COMMENTS = YES;
				CLANG_WARN_EMPTY_BODY = YES;
				CLANG_WARN_ENUM_CONVERSION = YES;
				CLANG_WARN_INFINITE_RECURSION = YES;
				CLANG_WARN_INT_CONVERSION = YES;
				CLANG_WARN_NON_LITERAL_NULL_CONVERSION = YES;
				CLANG_WARN_OBJC_IMPLICIT_RETAIN_SELF = YES;
				CLANG_WARN_OBJC_LITERAL_CONVERSION = YES;
				CLANG_WARN_OBJC_ROOT_CLASS = YES_ERROR;
				CLANG_WARN_QUOTED_INCLUDE_IN_FRAMEWORK_HEADER = YES;
				CLANG_WARN_RANGE_LOOP_ANALYSIS = YES;
				CLANG_WARN_STRICT_PROTOTYPES = YES;
				CLANG_WARN_SUSPICIOUS_MOVE = YES;
				CLANG_WARN_UNGUARDED_AVAILABILITY = YES_AGGRESSIVE;
				CLANG_WARN_UNREACHABLE_CODE = YES;
				CLANG_WARN__DUPLICATE_METHOD_MATCH = YES;
				COPY_PHASE_STRIP = NO;
				DEBUG_INFORMATION_FORMAT = dwarf;
				ENABLE_STRICT_OBJC_MSGSEND = YES;
				ENABLE_TESTABILITY = YES;
				ENABLE_USER_SCRIPT_SANDBOXING = YES;
				GCC_C_LANGUAGE_STANDARD = gnu17;
				GCC_DYNAMIC_NO_PIC = NO;
				GCC_NO_COMMON_BLOCKS = YES;
				GCC_OPTIMIZATION_LEVEL = 0;
				GCC_PREPROCESSOR_DEFINITIONS = (
					"DEBUG=1",
					"$(inherited)",
				);
				GCC_WARN_64_TO_32_BIT_CONVERSION = YES;
				GCC_WARN_ABOUT_RETURN_TYPE = YES_ERROR;
				GCC_WARN_UNDECLARED_SELECTOR = YES;
				GCC_WARN_UNINITIALIZED_AUTOS = YES_AGGRESSIVE;
				GCC_WARN_UNUSED_FUNCTION = YES;
				GCC_WARN_UNUSED_VARIABLE = YES;
				IPHONEOS_DEPLOYMENT_TARGET = 18.1;
				LOCALIZATION_PREFERS_STRING_CATALOGS = YES;
				MTL_ENABLE_DEBUG_INFO = INCLUDE_SOURCE;
				MTL_FAST_MATH = YES;
				ONLY_ACTIVE_ARCH = YES;
				SDKROOT = iphoneos;
				SWIFT_ACTIVE_COMPILATION_CONDITIONS = "DEBUG $(inherited)";
				SWIFT_OPTIMIZATION_LEVEL = "-Onone";
			};
			name = Debug;
		};
		C4320EBC2CFF7A540053772D /* Release */ = {
			isa = XCBuildConfiguration;
			buildSettings = {
				ALWAYS_SEARCH_USER_PATHS = NO;
				ASSETCATALOG_COMPILER_GENERATE_SWIFT_ASSET_SYMBOL_EXTENSIONS = YES;
				CLANG_ANALYZER_NONNULL = YES;
				CLANG_ANALYZER_NUMBER_OBJECT_CONVERSION = YES_AGGRESSIVE;
				CLANG_CXX_LANGUAGE_STANDARD = "gnu++20";
				CLANG_ENABLE_MODULES = YES;
				CLANG_ENABLE_OBJC_ARC = YES;
				CLANG_ENABLE_OBJC_WEAK = YES;
				CLANG_WARN_BLOCK_CAPTURE_AUTORELEASING = YES;
				CLANG_WARN_BOOL_CONVERSION = YES;
				CLANG_WARN_COMMA = YES;
				CLANG_WARN_CONSTANT_CONVERSION = YES;
				CLANG_WARN_DEPRECATED_OBJC_IMPLEMENTATIONS = YES;
				CLANG_WARN_DIRECT_OBJC_ISA_USAGE = YES_ERROR;
				CLANG_WARN_DOCUMENTATION_COMMENTS = YES;
				CLANG_WARN_EMPTY_BODY = YES;
				CLANG_WARN_ENUM_CONVERSION = YES;
				CLANG_WARN_INFINITE_RECURSION = YES;
				CLANG_WARN_INT_CONVERSION = YES;
				CLANG_WARN_NON_LITERAL_NULL_CONVERSION = YES;
				CLANG_WARN_OBJC_IMPLICIT_RETAIN_SELF = YES;
				CLANG_WARN_OBJC_LITERAL_CONVERSION = YES;
				CLANG_WARN_OBJC_ROOT_CLASS = YES_ERROR;
				CLANG_WARN_QUOTED_INCLUDE_IN_FRAMEWORK_HEADER = YES;
				CLANG_WARN_RANGE_LOOP_ANALYSIS = YES;
				CLANG_WARN_STRICT_PROTOTYPES = YES;
				CLANG_WARN_SUSPICIOUS_MOVE = YES;
				CLANG_WARN_UNGUARDED_AVAILABILITY = YES_AGGRESSIVE;
				CLANG_WARN_UNREACHABLE_CODE = YES;
				CLANG_WARN__DUPLICATE_METHOD_MATCH = YES;
				COPY_PHASE_STRIP = NO;
				DEBUG_INFORMATION_FORMAT = "dwarf-with-dsym";
				ENABLE_NS_ASSERTIONS = NO;
				ENABLE_STRICT_OBJC_MSGSEND = YES;
				ENABLE_USER_SCRIPT_SANDBOXING = YES;
				GCC_C_LANGUAGE_STANDARD = gnu17;
				GCC_NO_COMMON_BLOCKS = YES;
				GCC_WARN_64_TO_32_BIT_CONVERSION = YES;
				GCC_WARN_ABOUT_RETURN_TYPE = YES_ERROR;
				GCC_WARN_UNDECLARED_SELECTOR = YES;
				GCC_WARN_UNINITIALIZED_AUTOS = YES_AGGRESSIVE;
				GCC_WARN_UNUSED_FUNCTION = YES;
				GCC_WARN_UNUSED_VARIABLE = YES;
				IPHONEOS_DEPLOYMENT_TARGET = 18.1;
				LOCALIZATION_PREFERS_STRING_CATALOGS = YES;
				MTL_ENABLE_DEBUG_INFO = NO;
				MTL_FAST_MATH = YES;
				SDKROOT = iphoneos;
				SWIFT_COMPILATION_MODE = wholemodule;
				VALIDATE_PRODUCT = YES;
			};
			name = Release;
		};
		C4320EBE2CFF7A540053772D /* Debug */ = {
			isa = XCBuildConfiguration;
			buildSettings = {
				BUNDLE_LOADER = "$(TEST_HOST)";
				CODE_SIGN_STYLE = Automatic;
				CURRENT_PROJECT_VERSION = 1;
				DEVELOPMENT_TEAM = F6K949YPV6;
				GENERATE_INFOPLIST_FILE = YES;
				IPHONEOS_DEPLOYMENT_TARGET = 18.1;
				MARKETING_VERSION = 1.0;
				PRODUCT_BUNDLE_IDENTIFIER = "com.mertkavrayici.Weather-UITests";
				PRODUCT_NAME = "$(TARGET_NAME)";
				SWIFT_EMIT_LOC_STRINGS = NO;
				SWIFT_VERSION = 5.0;
				TARGETED_DEVICE_FAMILY = "1,2";
				TEST_HOST = "$(BUILT_PRODUCTS_DIR)/Weather-UI.app/$(BUNDLE_EXECUTABLE_FOLDER_PATH)/Weather-UI";
			};
			name = Debug;
		};
		C4320EBF2CFF7A540053772D /* Release */ = {
			isa = XCBuildConfiguration;
			buildSettings = {
				BUNDLE_LOADER = "$(TEST_HOST)";
				CODE_SIGN_STYLE = Automatic;
				CURRENT_PROJECT_VERSION = 1;
				DEVELOPMENT_TEAM = F6K949YPV6;
				GENERATE_INFOPLIST_FILE = YES;
				IPHONEOS_DEPLOYMENT_TARGET = 18.1;
				MARKETING_VERSION = 1.0;
				PRODUCT_BUNDLE_IDENTIFIER = "com.mertkavrayici.Weather-UITests";
				PRODUCT_NAME = "$(TARGET_NAME)";
				SWIFT_EMIT_LOC_STRINGS = NO;
				SWIFT_VERSION = 5.0;
				TARGETED_DEVICE_FAMILY = "1,2";
				TEST_HOST = "$(BUILT_PRODUCTS_DIR)/Weather-UI.app/$(BUNDLE_EXECUTABLE_FOLDER_PATH)/Weather-UI";
			};
			name = Release;
		};
		C4320EC12CFF7A540053772D /* Debug */ = {
			isa = XCBuildConfiguration;
			buildSettings = {
				CODE_SIGN_STYLE = Automatic;
				CURRENT_PROJECT_VERSION = 1;
				DEVELOPMENT_TEAM = F6K949YPV6;
				GENERATE_INFOPLIST_FILE = YES;
				MARKETING_VERSION = 1.0;
				PRODUCT_BUNDLE_IDENTIFIER = "com.mertkavrayici.Weather-UIUITests";
				PRODUCT_NAME = "$(TARGET_NAME)";
				SWIFT_EMIT_LOC_STRINGS = NO;
				SWIFT_VERSION = 5.0;
				TARGETED_DEVICE_FAMILY = "1,2";
				TEST_TARGET_NAME = "Weather-UI";
			};
			name = Debug;
		};
		C4320EC22CFF7A540053772D /* Release */ = {
			isa = XCBuildConfiguration;
			buildSettings = {
				CODE_SIGN_STYLE = Automatic;
				CURRENT_PROJECT_VERSION = 1;
				DEVELOPMENT_TEAM = F6K949YPV6;
				GENERATE_INFOPLIST_FILE = YES;
				MARKETING_VERSION = 1.0;
				PRODUCT_BUNDLE_IDENTIFIER = "com.mertkavrayici.Weather-UIUITests";
				PRODUCT_NAME = "$(TARGET_NAME)";
				SWIFT_EMIT_LOC_STRINGS = NO;
				SWIFT_VERSION = 5.0;
				TARGETED_DEVICE_FAMILY = "1,2";
				TEST_TARGET_NAME = "Weather-UI";
			};
			name = Release;
		};
/* End XCBuildConfiguration section */

/* Begin XCConfigurationList section */
		C4320E8A2CFF7A510053772D /* Build configuration list for PBXProject "Weather-UI" */ = {
			isa = XCConfigurationList;
			buildConfigurations = (
				C4320EBB2CFF7A540053772D /* Debug */,
				C4320EBC2CFF7A540053772D /* Release */,
			);
			defaultConfigurationIsVisible = 0;
			defaultConfigurationName = Release;
		};
		C4320EB82CFF7A540053772D /* Build configuration list for PBXNativeTarget "Weather-UI" */ = {
			isa = XCConfigurationList;
			buildConfigurations = (
				C4320EB92CFF7A540053772D /* Debug */,
				C4320EBA2CFF7A540053772D /* Release */,
			);
			defaultConfigurationIsVisible = 0;
			defaultConfigurationName = Release;
		};
		C4320EBD2CFF7A540053772D /* Build configuration list for PBXNativeTarget "Weather-UITests" */ = {
			isa = XCConfigurationList;
			buildConfigurations = (
				C4320EBE2CFF7A540053772D /* Debug */,
				C4320EBF2CFF7A540053772D /* Release */,
			);
			defaultConfigurationIsVisible = 0;
			defaultConfigurationName = Release;
		};
		C4320EC02CFF7A540053772D /* Build configuration list for PBXNativeTarget "Weather-UIUITests" */ = {
			isa = XCConfigurationList;
			buildConfigurations = (
				C4320EC12CFF7A540053772D /* Debug */,
				C4320EC22CFF7A540053772D /* Release */,
			);
			defaultConfigurationIsVisible = 0;
			defaultConfigurationName = Release;
		};
/* End XCConfigurationList section */
	};
	rootObject = C4320E872CFF7A510053772D /* Project object */;
}
